
Microsoft Visual Studio Solution File, Format Version 12.00
# Visual Studio Version 16
VisualStudioVersion = 16.0.31112.23
MinimumVisualStudioVersion = 10.0.40219.1
Project("{9A19103F-16F7-4668-BE54-9A1E7A4F7556}") = "Rookie.Entities", "Rookie.Entities\Rookie.Entities.csproj", "{B1E90E83-1996-4F4B-8F10-F4A2E8BA51BA}"
EndProject
Project("{FAE04EC0-301F-11D3-BF4B-00C04F79EFBC}") = "Rookie.Web", "Rookie.Web\Rookie.Web.csproj", "{AE4C1C1B-6CAD-4904-A416-B99068531844}"
EndProject
Project("{FAE04EC0-301F-11D3-BF4B-00C04F79EFBC}") = "Rookie.DataAccessor", "Rookie.DataAccessor\Rookie.DataAccessor.csproj", "{BED7200F-FFB3-4416-A1DB-27A37634652D}"
EndProject
Global
	GlobalSection(SolutionConfigurationPlatforms) = preSolution
		Debug|Any CPU = Debug|Any CPU
		Release|Any CPU = Release|Any CPU
	EndGlobalSection
	GlobalSection(ProjectConfigurationPlatforms) = postSolution
		{B1E90E83-1996-4F4B-8F10-F4A2E8BA51BA}.Debug|Any CPU.ActiveCfg = Debug|Any CPU
		{B1E90E83-1996-4F4B-8F10-F4A2E8BA51BA}.Debug|Any CPU.Build.0 = Debug|Any CPU
		{B1E90E83-1996-4F4B-8F10-F4A2E8BA51BA}.Release|Any CPU.ActiveCfg = Release|Any CPU
		{B1E90E83-1996-4F4B-8F10-F4A2E8BA51BA}.Release|Any CPU.Build.0 = Release|Any CPU
		{AE4C1C1B-6CAD-4904-A416-B99068531844}.Debug|Any CPU.ActiveCfg = Debug|Any CPU
		{AE4C1C1B-6CAD-4904-A416-B99068531844}.Debug|Any CPU.Build.0 = Debug|Any CPU
		{AE4C1C1B-6CAD-4904-A416-B99068531844}.Release|Any CPU.ActiveCfg = Release|Any CPU
		{AE4C1C1B-6CAD-4904-A416-B99068531844}.Release|Any CPU.Build.0 = Release|Any CPU
		{BED7200F-FFB3-4416-A1DB-27A37634652D}.Debug|Any CPU.ActiveCfg = Debug|Any CPU
		{BED7200F-FFB3-4416-A1DB-27A37634652D}.Debug|Any CPU.Build.0 = Debug|Any CPU
		{BED7200F-FFB3-4416-A1DB-27A37634652D}.Release|Any CPU.ActiveCfg = Release|Any CPU
		{BED7200F-FFB3-4416-A1DB-27A37634652D}.Release|Any CPU.Build.0 = Release|Any CPU
	EndGlobalSection
	GlobalSection(SolutionProperties) = preSolution
		HideSolutionNode = FALSE
	EndGlobalSection
	GlobalSection(ExtensibilityGlobals) = postSolution
		SolutionGuid = {6968AFD3-05B6-413B-8D59-C461DFB68589}
	EndGlobalSection
EndGlobal
